
Microsoft Visual Studio Solution File, Format Version 12.00
# Visual Studio Version 16
VisualStudioVersion = 16.0.31727.386
MinimumVisualStudioVersion = 10.0.40219.1
Project("{8BC9CEB8-8B4A-11D0-8D11-00A0C91BC942}") = "Workshop9", "Workshop9.vcxproj", "{9DC15E12-321E-403E-B20C-BA04BFF6B757}"
EndProject
Global
	GlobalSection(SolutionConfigurationPlatforms) = preSolution
		Debug|x64 = Debug|x64
		Debug|x86 = Debug|x86
		Release|x64 = Release|x64
		Release|x86 = Release|x86
	EndGlobalSection
	GlobalSection(ProjectConfigurationPlatforms) = postSolution
		{9DC15E12-321E-403E-B20C-BA04BFF6B757}.Debug|x64.ActiveCfg = Debug|x64
		{9DC15E12-321E-403E-B20C-BA04BFF6B757}.Debug|x64.Build.0 = Debug|x64
		{9DC15E12-321E-403E-B20C-BA04BFF6B757}.Debug|x86.ActiveCfg = Debug|Win32
		{9DC15E12-321E-403E-B20C-BA04BFF6B757}.Debug|x86.Build.0 = Debug|Win32
		{9DC15E12-321E-403E-B20C-BA04BFF6B757}.Release|x64.ActiveCfg = Release|x64
		{9DC15E12-321E-403E-B20C-BA04BFF6B757}.Release|x64.Build.0 = Release|x64
		{9DC15E12-321E-403E-B20C-BA04BFF6B757}.Release|x86.ActiveCfg = Release|Win32
		{9DC15E12-321E-403E-B20C-BA04BFF6B757}.Release|x86.Build.0 = Release|Win32
	EndGlobalSection
	GlobalSection(SolutionProperties) = preSolution
		HideSolutionNode = FALSE
	EndGlobalSection
	GlobalSection(ExtensibilityGlobals) = postSolution
		SolutionGuid = {33043F49-35B8-4A00-9B21-A5B94EE962A4}
	EndGlobalSection
EndGlobal
